
Microsoft Visual Studio Solution File, Format Version 12.00
# Visual Studio Version 16
VisualStudioVersion = 16.0.29215.179
MinimumVisualStudioVersion = 10.0.40219.1
Project("{FAE04EC0-301F-11D3-BF4B-00C04F79EFBC}") = "MorseCodeApp.Android", "MorseCodeApp\MorseCodeApp.Android\MorseCodeApp.Android.csproj", "{AD036B17-44CF-4A91-93CF-6CB9718CB624}"
EndProject
Project("{FAE04EC0-301F-11D3-BF4B-00C04F79EFBC}") = "MorseCodeApp.iOS", "MorseCodeApp\MorseCodeApp.iOS\MorseCodeApp.iOS.csproj", "{0972953A-6D5A-4DB8-8C16-64648DDB5693}"
EndProject
Project("{FAE04EC0-301F-11D3-BF4B-00C04F79EFBC}") = "MorseCodeApp", "MorseCodeApp\MorseCodeApp\MorseCodeApp.csproj", "{53AD799C-DEC0-4AD3-BC7A-07B1DB98821F}"
EndProject
Global
	GlobalSection(SolutionConfigurationPlatforms) = preSolution
		Debug|Any CPU = Debug|Any CPU
		Debug|iPhone = Debug|iPhone
		Debug|iPhoneSimulator = Debug|iPhoneSimulator
		Release|Any CPU = Release|Any CPU
		Release|iPhone = Release|iPhone
		Release|iPhoneSimulator = Release|iPhoneSimulator
	EndGlobalSection
	GlobalSection(ProjectConfigurationPlatforms) = postSolution
		{AD036B17-44CF-4A91-93CF-6CB9718CB624}.Debug|Any CPU.ActiveCfg = Debug|Any CPU
		{AD036B17-44CF-4A91-93CF-6CB9718CB624}.Debug|Any CPU.Build.0 = Debug|Any CPU
		{AD036B17-44CF-4A91-93CF-6CB9718CB624}.Debug|Any CPU.Deploy.0 = Debug|Any CPU
		{AD036B17-44CF-4A91-93CF-6CB9718CB624}.Debug|iPhone.ActiveCfg = Debug|Any CPU
		{AD036B17-44CF-4A91-93CF-6CB9718CB624}.Debug|iPhone.Build.0 = Debug|Any CPU
		{AD036B17-44CF-4A91-93CF-6CB9718CB624}.Debug|iPhone.Deploy.0 = Debug|Any CPU
		{AD036B17-44CF-4A91-93CF-6CB9718CB624}.Debug|iPhoneSimulator.ActiveCfg = Debug|Any CPU
		{AD036B17-44CF-4A91-93CF-6CB9718CB624}.Debug|iPhoneSimulator.Build.0 = Debug|Any CPU
		{AD036B17-44CF-4A91-93CF-6CB9718CB624}.Debug|iPhoneSimulator.Deploy.0 = Debug|Any CPU
		{AD036B17-44CF-4A91-93CF-6CB9718CB624}.Release|Any CPU.ActiveCfg = Release|Any CPU
		{AD036B17-44CF-4A91-93CF-6CB9718CB624}.Release|Any CPU.Build.0 = Release|Any CPU
		{AD036B17-44CF-4A91-93CF-6CB9718CB624}.Release|Any CPU.Deploy.0 = Release|Any CPU
		{AD036B17-44CF-4A91-93CF-6CB9718CB624}.Release|iPhone.ActiveCfg = Release|Any CPU
		{AD036B17-44CF-4A91-93CF-6CB9718CB624}.Release|iPhone.Build.0 = Release|Any CPU
		{AD036B17-44CF-4A91-93CF-6CB9718CB624}.Release|iPhone.Deploy.0 = Release|Any CPU
		{AD036B17-44CF-4A91-93CF-6CB9718CB624}.Release|iPhoneSimulator.ActiveCfg = Release|Any CPU
		{AD036B17-44CF-4A91-93CF-6CB9718CB624}.Release|iPhoneSimulator.Build.0 = Release|Any CPU
		{AD036B17-44CF-4A91-93CF-6CB9718CB624}.Release|iPhoneSimulator.Deploy.0 = Release|Any CPU
		{0972953A-6D5A-4DB8-8C16-64648DDB5693}.Debug|Any CPU.ActiveCfg = Debug|iPhoneSimulator
		{0972953A-6D5A-4DB8-8C16-64648DDB5693}.Debug|Any CPU.Build.0 = Debug|iPhoneSimulator
		{0972953A-6D5A-4DB8-8C16-64648DDB5693}.Debug|Any CPU.Deploy.0 = Debug|iPhoneSimulator
		{0972953A-6D5A-4DB8-8C16-64648DDB5693}.Debug|iPhone.ActiveCfg = Debug|iPhone
		{0972953A-6D5A-4DB8-8C16-64648DDB5693}.Debug|iPhone.Build.0 = Debug|iPhone
		{0972953A-6D5A-4DB8-8C16-64648DDB5693}.Debug|iPhone.Deploy.0 = Debug|iPhone
		{0972953A-6D5A-4DB8-8C16-64648DDB5693}.Debug|iPhoneSimulator.ActiveCfg = Debug|iPhoneSimulator
		{0972953A-6D5A-4DB8-8C16-64648DDB5693}.Debug|iPhoneSimulator.Build.0 = Debug|iPhoneSimulator
		{0972953A-6D5A-4DB8-8C16-64648DDB5693}.Debug|iPhoneSimulator.Deploy.0 = Debug|iPhoneSimulator
		{0972953A-6D5A-4DB8-8C16-64648DDB5693}.Release|Any CPU.ActiveCfg = Release|iPhone
		{0972953A-6D5A-4DB8-8C16-64648DDB5693}.Release|Any CPU.Build.0 = Release|iPhone
		{0972953A-6D5A-4DB8-8C16-64648DDB5693}.Release|Any CPU.Deploy.0 = Release|iPhone
		{0972953A-6D5A-4DB8-8C16-64648DDB5693}.Release|iPhone.ActiveCfg = Release|iPhone
		{0972953A-6D5A-4DB8-8C16-64648DDB5693}.Release|iPhone.Build.0 = Release|iPhone
		{0972953A-6D5A-4DB8-8C16-64648DDB5693}.Release|iPhone.Deploy.0 = Release|iPhone
		{0972953A-6D5A-4DB8-8C16-64648DDB5693}.Release|iPhoneSimulator.ActiveCfg = Release|iPhoneSimulator
		{0972953A-6D5A-4DB8-8C16-64648DDB5693}.Release|iPhoneSimulator.Build.0 = Release|iPhoneSimulator
		{0972953A-6D5A-4DB8-8C16-64648DDB5693}.Release|iPhoneSimulator.Deploy.0 = Release|iPhoneSimulator
		{53AD799C-DEC0-4AD3-BC7A-07B1DB98821F}.Debug|Any CPU.ActiveCfg = Debug|Any CPU
		{53AD799C-DEC0-4AD3-BC7A-07B1DB98821F}.Debug|Any CPU.Build.0 = Debug|Any CPU
		{53AD799C-DEC0-4AD3-BC7A-07B1DB98821F}.Debug|Any CPU.Deploy.0 = Debug|Any CPU
		{53AD799C-DEC0-4AD3-BC7A-07B1DB98821F}.Debug|iPhone.ActiveCfg = Debug|Any CPU
		{53AD799C-DEC0-4AD3-BC7A-07B1DB98821F}.Debug|iPhone.Build.0 = Debug|Any CPU
		{53AD799C-DEC0-4AD3-BC7A-07B1DB98821F}.Debug|iPhone.Deploy.0 = Debug|Any CPU
		{53AD799C-DEC0-4AD3-BC7A-07B1DB98821F}.Debug|iPhoneSimulator.ActiveCfg = Debug|Any CPU
		{53AD799C-DEC0-4AD3-BC7A-07B1DB98821F}.Debug|iPhoneSimulator.Build.0 = Debug|Any CPU
		{53AD799C-DEC0-4AD3-BC7A-07B1DB98821F}.Debug|iPhoneSimulator.Deploy.0 = Debug|Any CPU
		{53AD799C-DEC0-4AD3-BC7A-07B1DB98821F}.Release|Any CPU.ActiveCfg = Release|Any CPU
		{53AD799C-DEC0-4AD3-BC7A-07B1DB98821F}.Release|Any CPU.Build.0 = Release|Any CPU
		{53AD799C-DEC0-4AD3-BC7A-07B1DB98821F}.Release|Any CPU.Deploy.0 = Release|Any CPU
		{53AD799C-DEC0-4AD3-BC7A-07B1DB98821F}.Release|iPhone.ActiveCfg = Release|Any CPU
		{53AD799C-DEC0-4AD3-BC7A-07B1DB98821F}.Release|iPhone.Build.0 = Release|Any CPU
		{53AD799C-DEC0-4AD3-BC7A-07B1DB98821F}.Release|iPhone.Deploy.0 = Release|Any CPU
		{53AD799C-DEC0-4AD3-BC7A-07B1DB98821F}.Release|iPhoneSimulator.ActiveCfg = Release|Any CPU
		{53AD799C-DEC0-4AD3-BC7A-07B1DB98821F}.Release|iPhoneSimulator.Build.0 = Release|Any CPU
		{53AD799C-DEC0-4AD3-BC7A-07B1DB98821F}.Release|iPhoneSimulator.Deploy.0 = Release|Any CPU
	EndGlobalSection
	GlobalSection(SolutionProperties) = preSolution
		HideSolutionNode = FALSE
	EndGlobalSection
	GlobalSection(ExtensibilityGlobals) = postSolution
		SolutionGuid = {B8176F0A-6CE5-4272-AEA5-F2CE3D86FDBF}
	EndGlobalSection
EndGlobal
